# THIS IS AN AUTOGENERATED FILE. DO NOT EDIT THIS FILE DIRECTLY.
# yarn lockfile v1


"@tweenjs/tween.js@^18.5.0":
  version "18.5.0"
  resolved "https://registry.yarnpkg.com/@tweenjs/tween.js/-/tween.js-18.5.0.tgz#f2aa9e6052c6a314d85c9a8034146f9ae6d4e339"
  integrity sha512-/qyhdvbc6vWsFuiK7Wq74ZMu1F/9sFRlBv2qnjeu70XI0HRC8zOfUqbXT2irVLCSVuCI/fI7HphGdbsbyQ/Q5w==
